
Microsoft Visual Studio Solution File, Format Version 12.00
# Visual Studio 15
VisualStudioVersion = 15.0.27520.0
MinimumVisualStudioVersion = 10.0.40219.1
Project("{FAE04EC0-301F-11D3-BF4B-00C04F79EFBC}") = "OrderingApplication", "OrderingApplication\OrderingApplication.csproj", "{0D7A8094-306C-4B8E-B712-B0646B244901}"
EndProject
Global
	GlobalSection(SolutionConfigurationPlatforms) = preSolution
		Debug|Any CPU = Debug|Any CPU
		Release|Any CPU = Release|Any CPU
	EndGlobalSection
	GlobalSection(ProjectConfigurationPlatforms) = postSolution
		{0D7A8094-306C-4B8E-B712-B0646B244901}.Debug|Any CPU.ActiveCfg = Debug|Any CPU
		{0D7A8094-306C-4B8E-B712-B0646B244901}.Debug|Any CPU.Build.0 = Debug|Any CPU
		{0D7A8094-306C-4B8E-B712-B0646B244901}.Release|Any CPU.ActiveCfg = Release|Any CPU
		{0D7A8094-306C-4B8E-B712-B0646B244901}.Release|Any CPU.Build.0 = Release|Any CPU
	EndGlobalSection
	GlobalSection(SolutionProperties) = preSolution
		HideSolutionNode = FALSE
	EndGlobalSection
	GlobalSection(ExtensibilityGlobals) = postSolution
		SolutionGuid = {D9BAAE63-6F0F-4E57-A902-2B122E25F920}
	EndGlobalSection
EndGlobal
